
Microsoft Visual Studio Solution File, Format Version 12.00
# Visual Studio 15
VisualStudioVersion = 15.0.28307.852
MinimumVisualStudioVersion = 10.0.40219.1
Project("{FAE04EC0-301F-11D3-BF4B-00C04F79EFBC}") = "XamarinForm1.Android", "XamarinForm1\XamarinForm1.Android\XamarinForm1.Android.csproj", "{748D58EE-DDA6-4D1D-AFD9-B79AA73C8D0A}"
EndProject
Project("{FAE04EC0-301F-11D3-BF4B-00C04F79EFBC}") = "XamarinForm1.iOS", "XamarinForm1\XamarinForm1.iOS\XamarinForm1.iOS.csproj", "{A8ABF55C-266E-4958-A108-9517F090D518}"
EndProject
Project("{FAE04EC0-301F-11D3-BF4B-00C04F79EFBC}") = "XamarinForm1", "XamarinForm1\XamarinForm1\XamarinForm1.csproj", "{9869BF36-0F08-4F3D-920B-5EE3A968D7A0}"
EndProject
Global
	GlobalSection(SolutionConfigurationPlatforms) = preSolution
		Ad-Hoc|Any CPU = Ad-Hoc|Any CPU
		Ad-Hoc|iPhone = Ad-Hoc|iPhone
		Ad-Hoc|iPhoneSimulator = Ad-Hoc|iPhoneSimulator
		AppStore|Any CPU = AppStore|Any CPU
		AppStore|iPhone = AppStore|iPhone
		AppStore|iPhoneSimulator = AppStore|iPhoneSimulator
		Debug|Any CPU = Debug|Any CPU
		Debug|iPhone = Debug|iPhone
		Debug|iPhoneSimulator = Debug|iPhoneSimulator
		Release|Any CPU = Release|Any CPU
		Release|iPhone = Release|iPhone
		Release|iPhoneSimulator = Release|iPhoneSimulator
	EndGlobalSection
	GlobalSection(ProjectConfigurationPlatforms) = postSolution
		{748D58EE-DDA6-4D1D-AFD9-B79AA73C8D0A}.Ad-Hoc|Any CPU.ActiveCfg = Release|Any CPU
		{748D58EE-DDA6-4D1D-AFD9-B79AA73C8D0A}.Ad-Hoc|Any CPU.Build.0 = Release|Any CPU
		{748D58EE-DDA6-4D1D-AFD9-B79AA73C8D0A}.Ad-Hoc|Any CPU.Deploy.0 = Release|Any CPU
		{748D58EE-DDA6-4D1D-AFD9-B79AA73C8D0A}.Ad-Hoc|iPhone.ActiveCfg = Release|Any CPU
		{748D58EE-DDA6-4D1D-AFD9-B79AA73C8D0A}.Ad-Hoc|iPhone.Build.0 = Release|Any CPU
		{748D58EE-DDA6-4D1D-AFD9-B79AA73C8D0A}.Ad-Hoc|iPhone.Deploy.0 = Release|Any CPU
		{748D58EE-DDA6-4D1D-AFD9-B79AA73C8D0A}.Ad-Hoc|iPhoneSimulator.ActiveCfg = Release|Any CPU
		{748D58EE-DDA6-4D1D-AFD9-B79AA73C8D0A}.Ad-Hoc|iPhoneSimulator.Build.0 = Release|Any CPU
		{748D58EE-DDA6-4D1D-AFD9-B79AA73C8D0A}.Ad-Hoc|iPhoneSimulator.Deploy.0 = Release|Any CPU
		{748D58EE-DDA6-4D1D-AFD9-B79AA73C8D0A}.AppStore|Any CPU.ActiveCfg = Release|Any CPU
		{748D58EE-DDA6-4D1D-AFD9-B79AA73C8D0A}.AppStore|Any CPU.Build.0 = Release|Any CPU
		{748D58EE-DDA6-4D1D-AFD9-B79AA73C8D0A}.AppStore|Any CPU.Deploy.0 = Release|Any CPU
		{748D58EE-DDA6-4D1D-AFD9-B79AA73C8D0A}.AppStore|iPhone.ActiveCfg = Release|Any CPU
		{748D58EE-DDA6-4D1D-AFD9-B79AA73C8D0A}.AppStore|iPhone.Build.0 = Release|Any CPU
		{748D58EE-DDA6-4D1D-AFD9-B79AA73C8D0A}.AppStore|iPhone.Deploy.0 = Release|Any CPU
		{748D58EE-DDA6-4D1D-AFD9-B79AA73C8D0A}.AppStore|iPhoneSimulator.ActiveCfg = Release|Any CPU
		{748D58EE-DDA6-4D1D-AFD9-B79AA73C8D0A}.AppStore|iPhoneSimulator.Build.0 = Release|Any CPU
		{748D58EE-DDA6-4D1D-AFD9-B79AA73C8D0A}.AppStore|iPhoneSimulator.Deploy.0 = Release|Any CPU
		{748D58EE-DDA6-4D1D-AFD9-B79AA73C8D0A}.Debug|Any CPU.ActiveCfg = Debug|Any CPU
		{748D58EE-DDA6-4D1D-AFD9-B79AA73C8D0A}.Debug|Any CPU.Build.0 = Debug|Any CPU
		{748D58EE-DDA6-4D1D-AFD9-B79AA73C8D0A}.Debug|Any CPU.Deploy.0 = Debug|Any CPU
		{748D58EE-DDA6-4D1D-AFD9-B79AA73C8D0A}.Debug|iPhone.ActiveCfg = Debug|Any CPU
		{748D58EE-DDA6-4D1D-AFD9-B79AA73C8D0A}.Debug|iPhone.Build.0 = Debug|Any CPU
		{748D58EE-DDA6-4D1D-AFD9-B79AA73C8D0A}.Debug|iPhone.Deploy.0 = Debug|Any CPU
		{748D58EE-DDA6-4D1D-AFD9-B79AA73C8D0A}.Debug|iPhoneSimulator.ActiveCfg = Debug|Any CPU
		{748D58EE-DDA6-4D1D-AFD9-B79AA73C8D0A}.Debug|iPhoneSimulator.Build.0 = Debug|Any CPU
		{748D58EE-DDA6-4D1D-AFD9-B79AA73C8D0A}.Debug|iPhoneSimulator.Deploy.0 = Debug|Any CPU
		{748D58EE-DDA6-4D1D-AFD9-B79AA73C8D0A}.Release|Any CPU.ActiveCfg = Release|Any CPU
		{748D58EE-DDA6-4D1D-AFD9-B79AA73C8D0A}.Release|Any CPU.Build.0 = Release|Any CPU
		{748D58EE-DDA6-4D1D-AFD9-B79AA73C8D0A}.Release|Any CPU.Deploy.0 = Release|Any CPU
		{748D58EE-DDA6-4D1D-AFD9-B79AA73C8D0A}.Release|iPhone.ActiveCfg = Release|Any CPU
		{748D58EE-DDA6-4D1D-AFD9-B79AA73C8D0A}.Release|iPhone.Build.0 = Release|Any CPU
		{748D58EE-DDA6-4D1D-AFD9-B79AA73C8D0A}.Release|iPhone.Deploy.0 = Release|Any CPU
		{748D58EE-DDA6-4D1D-AFD9-B79AA73C8D0A}.Release|iPhoneSimulator.ActiveCfg = Release|Any CPU
		{748D58EE-DDA6-4D1D-AFD9-B79AA73C8D0A}.Release|iPhoneSimulator.Build.0 = Release|Any CPU
		{748D58EE-DDA6-4D1D-AFD9-B79AA73C8D0A}.Release|iPhoneSimulator.Deploy.0 = Release|Any CPU
		{A8ABF55C-266E-4958-A108-9517F090D518}.Ad-Hoc|Any CPU.ActiveCfg = Ad-Hoc|iPhone
		{A8ABF55C-266E-4958-A108-9517F090D518}.Ad-Hoc|Any CPU.Build.0 = Ad-Hoc|iPhone
		{A8ABF55C-266E-4958-A108-9517F090D518}.Ad-Hoc|Any CPU.Deploy.0 = Ad-Hoc|iPhone
		{A8ABF55C-266E-4958-A108-9517F090D518}.Ad-Hoc|iPhone.ActiveCfg = Ad-Hoc|iPhone
		{A8ABF55C-266E-4958-A108-9517F090D518}.Ad-Hoc|iPhone.Build.0 = Ad-Hoc|iPhone
		{A8ABF55C-266E-4958-A108-9517F090D518}.Ad-Hoc|iPhone.Deploy.0 = Ad-Hoc|iPhone
		{A8ABF55C-266E-4958-A108-9517F090D518}.Ad-Hoc|iPhoneSimulator.ActiveCfg = Ad-Hoc|iPhoneSimulator
		{A8ABF55C-266E-4958-A108-9517F090D518}.Ad-Hoc|iPhoneSimulator.Build.0 = Ad-Hoc|iPhoneSimulator
		{A8ABF55C-266E-4958-A108-9517F090D518}.Ad-Hoc|iPhoneSimulator.Deploy.0 = Ad-Hoc|iPhoneSimulator
		{A8ABF55C-266E-4958-A108-9517F090D518}.AppStore|Any CPU.ActiveCfg = AppStore|iPhone
		{A8ABF55C-266E-4958-A108-9517F090D518}.AppStore|Any CPU.Build.0 = AppStore|iPhone
		{A8ABF55C-266E-4958-A108-9517F090D518}.AppStore|Any CPU.Deploy.0 = AppStore|iPhone
		{A8ABF55C-266E-4958-A108-9517F090D518}.AppStore|iPhone.ActiveCfg = AppStore|iPhone
		{A8ABF55C-266E-4958-A108-9517F090D518}.AppStore|iPhone.Build.0 = AppStore|iPhone
		{A8ABF55C-266E-4958-A108-9517F090D518}.AppStore|iPhone.Deploy.0 = AppStore|iPhone
		{A8ABF55C-266E-4958-A108-9517F090D518}.AppStore|iPhoneSimulator.ActiveCfg = AppStore|iPhoneSimulator
		{A8ABF55C-266E-4958-A108-9517F090D518}.AppStore|iPhoneSimulator.Build.0 = AppStore|iPhoneSimulator
		{A8ABF55C-266E-4958-A108-9517F090D518}.AppStore|iPhoneSimulator.Deploy.0 = AppStore|iPhoneSimulator
		{A8ABF55C-266E-4958-A108-9517F090D518}.Debug|Any CPU.ActiveCfg = Debug|iPhoneSimulator
		{A8ABF55C-266E-4958-A108-9517F090D518}.Debug|Any CPU.Build.0 = Debug|iPhoneSimulator
		{A8ABF55C-266E-4958-A108-9517F090D518}.Debug|Any CPU.Deploy.0 = Debug|iPhoneSimulator
		{A8ABF55C-266E-4958-A108-9517F090D518}.Debug|iPhone.ActiveCfg = Debug|iPhone
		{A8ABF55C-266E-4958-A108-9517F090D518}.Debug|iPhone.Build.0 = Debug|iPhone
		{A8ABF55C-266E-4958-A108-9517F090D518}.Debug|iPhone.Deploy.0 = Debug|iPhone
		{A8ABF55C-266E-4958-A108-9517F090D518}.Debug|iPhoneSimulator.ActiveCfg = Debug|iPhoneSimulator
		{A8ABF55C-266E-4958-A108-9517F090D518}.Debug|iPhoneSimulator.Build.0 = Debug|iPhoneSimulator
		{A8ABF55C-266E-4958-A108-9517F090D518}.Debug|iPhoneSimulator.Deploy.0 = Debug|iPhoneSimulator
		{A8ABF55C-266E-4958-A108-9517F090D518}.Release|Any CPU.ActiveCfg = Release|iPhone
		{A8ABF55C-266E-4958-A108-9517F090D518}.Release|Any CPU.Build.0 = Release|iPhone
		{A8ABF55C-266E-4958-A108-9517F090D518}.Release|Any CPU.Deploy.0 = Release|iPhone
		{A8ABF55C-266E-4958-A108-9517F090D518}.Release|iPhone.ActiveCfg = Release|iPhone
		{A8ABF55C-266E-4958-A108-9517F090D518}.Release|iPhone.Build.0 = Release|iPhone
		{A8ABF55C-266E-4958-A108-9517F090D518}.Release|iPhone.Deploy.0 = Release|iPhone
		{A8ABF55C-266E-4958-A108-9517F090D518}.Release|iPhoneSimulator.ActiveCfg = Release|iPhoneSimulator
		{A8ABF55C-266E-4958-A108-9517F090D518}.Release|iPhoneSimulator.Build.0 = Release|iPhoneSimulator
		{A8ABF55C-266E-4958-A108-9517F090D518}.Release|iPhoneSimulator.Deploy.0 = Release|iPhoneSimulator
		{9869BF36-0F08-4F3D-920B-5EE3A968D7A0}.Ad-Hoc|Any CPU.ActiveCfg = Debug|Any CPU
		{9869BF36-0F08-4F3D-920B-5EE3A968D7A0}.Ad-Hoc|Any CPU.Build.0 = Debug|Any CPU
		{9869BF36-0F08-4F3D-920B-5EE3A968D7A0}.Ad-Hoc|Any CPU.Deploy.0 = Debug|Any CPU
		{9869BF36-0F08-4F3D-920B-5EE3A968D7A0}.Ad-Hoc|iPhone.ActiveCfg = Debug|Any CPU
		{9869BF36-0F08-4F3D-920B-5EE3A968D7A0}.Ad-Hoc|iPhone.Build.0 = Debug|Any CPU
		{9869BF36-0F08-4F3D-920B-5EE3A968D7A0}.Ad-Hoc|iPhone.Deploy.0 = Debug|Any CPU
		{9869BF36-0F08-4F3D-920B-5EE3A968D7A0}.Ad-Hoc|iPhoneSimulator.ActiveCfg = Debug|Any CPU
		{9869BF36-0F08-4F3D-920B-5EE3A968D7A0}.Ad-Hoc|iPhoneSimulator.Build.0 = Debug|Any CPU
		{9869BF36-0F08-4F3D-920B-5EE3A968D7A0}.Ad-Hoc|iPhoneSimulator.Deploy.0 = Debug|Any CPU
		{9869BF36-0F08-4F3D-920B-5EE3A968D7A0}.AppStore|Any CPU.ActiveCfg = Debug|Any CPU
		{9869BF36-0F08-4F3D-920B-5EE3A968D7A0}.AppStore|Any CPU.Build.0 = Debug|Any CPU
		{9869BF36-0F08-4F3D-920B-5EE3A968D7A0}.AppStore|Any CPU.Deploy.0 = Debug|Any CPU
		{9869BF36-0F08-4F3D-920B-5EE3A968D7A0}.AppStore|iPhone.ActiveCfg = Debug|Any CPU
		{9869BF36-0F08-4F3D-920B-5EE3A968D7A0}.AppStore|iPhone.Build.0 = Debug|Any CPU
		{9869BF36-0F08-4F3D-920B-5EE3A968D7A0}.AppStore|iPhone.Deploy.0 = Debug|Any CPU
		{9869BF36-0F08-4F3D-920B-5EE3A968D7A0}.AppStore|iPhoneSimulator.ActiveCfg = Debug|Any CPU
		{9869BF36-0F08-4F3D-920B-5EE3A968D7A0}.AppStore|iPhoneSimulator.Build.0 = Debug|Any CPU
		{9869BF36-0F08-4F3D-920B-5EE3A968D7A0}.AppStore|iPhoneSimulator.Deploy.0 = Debug|Any CPU
		{9869BF36-0F08-4F3D-920B-5EE3A968D7A0}.Debug|Any CPU.ActiveCfg = Debug|Any CPU
		{9869BF36-0F08-4F3D-920B-5EE3A968D7A0}.Debug|Any CPU.Build.0 = Debug|Any CPU
		{9869BF36-0F08-4F3D-920B-5EE3A968D7A0}.Debug|Any CPU.Deploy.0 = Debug|Any CPU
		{9869BF36-0F08-4F3D-920B-5EE3A968D7A0}.Debug|iPhone.ActiveCfg = Debug|Any CPU
		{9869BF36-0F08-4F3D-920B-5EE3A968D7A0}.Debug|iPhone.Build.0 = Debug|Any CPU
		{9869BF36-0F08-4F3D-920B-5EE3A968D7A0}.Debug|iPhone.Deploy.0 = Debug|Any CPU
		{9869BF36-0F08-4F3D-920B-5EE3A968D7A0}.Debug|iPhoneSimulator.ActiveCfg = Debug|Any CPU
		{9869BF36-0F08-4F3D-920B-5EE3A968D7A0}.Debug|iPhoneSimulator.Build.0 = Debug|Any CPU
		{9869BF36-0F08-4F3D-920B-5EE3A968D7A0}.Debug|iPhoneSimulator.Deploy.0 = Debug|Any CPU
		{9869BF36-0F08-4F3D-920B-5EE3A968D7A0}.Release|Any CPU.ActiveCfg = Release|Any CPU
		{9869BF36-0F08-4F3D-920B-5EE3A968D7A0}.Release|Any CPU.Build.0 = Release|Any CPU
		{9869BF36-0F08-4F3D-920B-5EE3A968D7A0}.Release|Any CPU.Deploy.0 = Release|Any CPU
		{9869BF36-0F08-4F3D-920B-5EE3A968D7A0}.Release|iPhone.ActiveCfg = Release|Any CPU
		{9869BF36-0F08-4F3D-920B-5EE3A968D7A0}.Release|iPhone.Build.0 = Release|Any CPU
		{9869BF36-0F08-4F3D-920B-5EE3A968D7A0}.Release|iPhone.Deploy.0 = Release|Any CPU
		{9869BF36-0F08-4F3D-920B-5EE3A968D7A0}.Release|iPhoneSimulator.ActiveCfg = Release|Any CPU
		{9869BF36-0F08-4F3D-920B-5EE3A968D7A0}.Release|iPhoneSimulator.Build.0 = Release|Any CPU
		{9869BF36-0F08-4F3D-920B-5EE3A968D7A0}.Release|iPhoneSimulator.Deploy.0 = Release|Any CPU
	EndGlobalSection
	GlobalSection(SolutionProperties) = preSolution
		HideSolutionNode = FALSE
	EndGlobalSection
	GlobalSection(ExtensibilityGlobals) = postSolution
		SolutionGuid = {9ACD9911-384C-42B7-91C3-61DBD834C3CA}
	EndGlobalSection
EndGlobal
